// !$*UTF8*$!
{
	archiveVersion = 1;
	classes = {
	};
	objectVersion = 50;
	objects = {

/* Begin PBXBuildFile section */
		5C1AB43522752693004F7B51 /* AppDelegate.swift in Sources */ = {isa = PBXBuildFile; fileRef = 5C1AB43422752693004F7B51 /* AppDelegate.swift */; };
		5C1AB43722752693004F7B51 /* ViewController.swift in Sources */ = {isa = PBXBuildFile; fileRef = 5C1AB43622752693004F7B51 /* ViewController.swift */; };
		5C1AB43A22752693004F7B51 /* Main.storyboard in Resources */ = {isa = PBXBuildFile; fileRef = 5C1AB43822752693004F7B51 /* Main.storyboard */; };
		5C1AB43C22752694004F7B51 /* Assets.xcassets in Resources */ = {isa = PBXBuildFile; fileRef = 5C1AB43B22752694004F7B51 /* Assets.xcassets */; };
		5C1AB43F22752694004F7B51 /* LaunchScreen.storyboard in Resources */ = {isa = PBXBuildFile; fileRef = 5C1AB43D22752694004F7B51 /* LaunchScreen.storyboard */; };
		C2A72551ED2A9BA43A7C1811 /* Pods_Scovil.framework in Frameworks */ = {isa = PBXBuildFile; fileRef = 94B7E5EEB36D1579745EEE38 /* Pods_Scovil.framework */; };
/* End PBXBuildFile section */

/* Begin PBXFileReference section */
		49AF27B07E946C2EED720797 /* Pods-Scovil.release.xcconfig */ = {isa = PBXFileReference; includeInIndex = 1; lastKnownFileType = text.xcconfig; name = "Pods-Scovil.release.xcconfig"; path = "Pods/Target Support Files/Pods-Scovil/Pods-Scovil.release.xcconfig"; sourceTree = "<group>"; };
		5C1AB43122752693004F7B51 /* Scovil.app */ = {isa = PBXFileReference; explicitFileType = wrapper.application; includeInIndex = 0; path = Scovil.app; sourceTree = BUILT_PRODUCTS_DIR; };
		5C1AB43422752693004F7B51 /* AppDelegate.swift */ = {isa = PBXFileReference; lastKnownFileType = sourcecode.swift; path = AppDelegate.swift; sourceTree = "<group>"; };
		5C1AB43622752693004F7B51 /* ViewController.swift */ = {isa = PBXFileReference; lastKnownFileType = sourcecode.swift; path = ViewController.swift; sourceTree = "<group>"; };
		5C1AB43922752693004F7B51 /* Base */ = {isa = PBXFileReference; lastKnownFileType = file.storyboard; name = Base; path = Base.lproj/Main.storyboard; sourceTree = "<group>"; };
		5C1AB43B22752694004F7B51 /* Assets.xcassets */ = {isa = PBXFileReference; lastKnownFileType = folder.assetcatalog; path = Assets.xcassets; sourceTree = "<group>"; };
		5C1AB43E22752694004F7B51 /* Base */ = {isa = PBXFileReference; lastKnownFileType = file.storyboard; name = Base; path = Base.lproj/LaunchScreen.storyboard; sourceTree = "<group>"; };
		5C1AB44022752694004F7B51 /* Info.plist */ = {isa = PBXFileReference; lastKnownFileType = text.plist.xml; path = Info.plist; sourceTree = "<group>"; };
		94B7E5EEB36D1579745EEE38 /* Pods_Scovil.framework */ = {isa = PBXFileReference; explicitFileType = wrapper.framework; includeInIndex = 0; path = Pods_Scovil.framework; sourceTree = BUILT_PRODUCTS_DIR; };
		C1A2EC08033F94A395EDC763 /* Pods-Scovil.debug.xcconfig */ = {isa = PBXFileReference; includeInIndex = 1; lastKnownFileType = text.xcconfig; name = "Pods-Scovil.debug.xcconfig"; path = "Pods/Target Support Files/Pods-Scovil/Pods-Scovil.debug.xcconfig"; sourceTree = "<group>"; };
/* End PBXFileReference section */

/* Begin PBXFrameworksBuildPhase section */
		5C1AB42E22752693004F7B51 /* Frameworks */ = {
			isa = PBXFrameworksBuildPhase;
			buildActionMask = 2147483647;
			files = (
				C2A72551ED2A9BA43A7C1811 /* Pods_Scovil.framework in Frameworks */,
			);
			runOnlyForDeploymentPostprocessing = 0;
		};
/* End PBXFrameworksBuildPhase section */

/* Begin PBXGroup section */
		4C52E5E96CBF33EB71A33029 /* Pods */ = {
			isa = PBXGroup;
			children = (
				C1A2EC08033F94A395EDC763 /* Pods-Scovil.debug.xcconfig */,
				49AF27B07E946C2EED720797 /* Pods-Scovil.release.xcconfig */,
			);
			name = Pods;
			sourceTree = "<group>";
		};
		5C1AB42822752693004F7B51 = {
			isa = PBXGroup;
			children = (
				5C1AB43322752693004F7B51 /* Scovil */,
				5C1AB43222752693004F7B51 /* Products */,
				4C52E5E96CBF33EB71A33029 /* Pods */,
				DA0A0222ACA490DDB7102DFB /* Frameworks */,
			);
			sourceTree = "<group>";
		};
		5C1AB43222752693004F7B51 /* Products */ = {
			isa = PBXGroup;
			children = (
				5C1AB43122752693004F7B51 /* Scovil.app */,
			);
			name = Products;
			sourceTree = "<group>";
		};
		5C1AB43322752693004F7B51 /* Scovil */ = {
			isa = PBXGroup;
			children = (
				5C1AB43422752693004F7B51 /* AppDelegate.swift */,
				5C1AB43622752693004F7B51 /* ViewController.swift */,
				5C1AB43822752693004F7B51 /* Main.storyboard */,
				5C1AB43B22752694004F7B51 /* Assets.xcassets */,
				5C1AB43D22752694004F7B51 /* LaunchScreen.storyboard */,
				5C1AB44022752694004F7B51 /* Info.plist */,
			);
			path = Scovil;
			sourceTree = "<group>";
		};
		DA0A0222ACA490DDB7102DFB /* Frameworks */ = {
			isa = PBXGroup;
			children = (
				94B7E5EEB36D1579745EEE38 /* Pods_Scovil.framework */,
			);
			name = Frameworks;
			sourceTree = "<group>";
		};
/* End PBXGroup section */

/* Begin PBXNativeTarget section */
		5C1AB43022752693004F7B51 /* Scovil */ = {
			isa = PBXNativeTarget;
			buildConfigurationList = 5C1AB44322752694004F7B51 /* Build configuration list for PBXNativeTarget "Scovil" */;
			buildPhases = (
				F89A21DEE9B739B030726932 /* [CP] Check Pods Manifest.lock */,
				5C1AB42D22752693004F7B51 /* Sources */,
				5C1AB42E22752693004F7B51 /* Frameworks */,
				5C1AB42F22752693004F7B51 /* Resources */,
				56FCBF47AE2D90924CDBF18F /* [CP] Embed Pods Frameworks */,
			);
			buildRules = (
			);
			dependencies = (
			);
			name = Scovil;
			productName = Scovil;
			productReference = 5C1AB43122752693004F7B51 /* Scovil.app */;
			productType = "com.apple.product-type.application";
		};
/* End PBXNativeTarget section */

/* Begin PBXProject section */
		5C1AB42922752693004F7B51 /* Project object */ = {
			isa = PBXProject;
			attributes = {
				LastSwiftUpdateCheck = 1020;
				LastUpgradeCheck = 1020;
				ORGANIZATIONNAME = "Josh Marasigan";
				TargetAttributes = {
					5C1AB43022752693004F7B51 = {
						CreatedOnToolsVersion = 10.2.1;
					};
				};
			};
			buildConfigurationList = 5C1AB42C22752693004F7B51 /* Build configuration list for PBXProject "Scovil" */;
			compatibilityVersion = "Xcode 9.3";
			developmentRegion = en;
			hasScannedForEncodings = 0;
			knownRegions = (
				en,
				Base,
			);
			mainGroup = 5C1AB42822752693004F7B51;
			productRefGroup = 5C1AB43222752693004F7B51 /* Products */;
			projectDirPath = "";
			projectRoot = "";
			targets = (
				5C1AB43022752693004F7B51 /* Scovil */,
			);
		};
/* End PBXProject section */

/* Begin PBXResourcesBuildPhase section */
		5C1AB42F22752693004F7B51 /* Resources */ = {
			isa = PBXResourcesBuildPhase;
			buildActionMask = 2147483647;
			files = (
				5C1AB43F22752694004F7B51 /* LaunchScreen.storyboard in Resources */,
				5C1AB43C22752694004F7B51 /* Assets.xcassets in Resources */,
				5C1AB43A22752693004F7B51 /* Main.storyboard in Resources */,
			);
			runOnlyForDeploymentPostprocessing = 0;
		};
/* End PBXResourcesBuildPhase section */

/* Begin PBXShellScriptBuildPhase section */
		56FCBF47AE2D90924CDBF18F /* [CP] Embed Pods Frameworks */ = {
			isa = PBXShellScriptBuildPhase;
			buildActionMask = 2147483647;
			files = (
			);
			inputPaths = (
				"${SRCROOT}/Pods/Target Support Files/Pods-Scovil/Pods-Scovil-frameworks.sh",
				"${BUILT_PRODUCTS_DIR}/SnapKit/SnapKit.framework",
			);
			name = "[CP] Embed Pods Frameworks";
			outputPaths = (
				"${TARGET_BUILD_DIR}/${FRAMEWORKS_FOLDER_PATH}/SnapKit.framework",
			);
			runOnlyForDeploymentPostprocessing = 0;
			shellPath = /bin/sh;
			shellScript = "\"${SRCROOT}/Pods/Target Support Files/Pods-Scovil/Pods-Scovil-frameworks.sh\"\n";
			showEnvVarsInLog = 0;
		};
		F89A21DEE9B739B030726932 /* [CP] Check Pods Manifest.lock */ = {
			isa = PBXShellScriptBuildPhase;
			buildActionMask = 2147483647;
			files = (
			);
			inputPaths = (
				"${PODS_PODFILE_DIR_PATH}/Podfile.lock",
				"${PODS_ROOT}/Manifest.lock",
			);
			name = "[CP] Check Pods Manifest.lock";
			outputPaths = (
				"$(DERIVED_FILE_DIR)/Pods-Scovil-checkManifestLockResult.txt",
			);
			runOnlyForDeploymentPostprocessing = 0;
			shellPath = /bin/sh;
			shellScript = "diff \"${PODS_PODFILE_DIR_PATH}/Podfile.lock\" \"${PODS_ROOT}/Manifest.lock\" > /dev/null\nif [ $? != 0 ] ; then\n    # print error to STDERR\n    echo \"error: The sandbox is not in sync with the Podfile.lock. Run 'pod install' or update your CocoaPods installation.\" >&2\n    exit 1\nfi\n# This output is used by Xcode 'outputs' to avoid re-running this script phase.\necho \"SUCCESS\" > \"${SCRIPT_OUTPUT_FILE_0}\"\n";
			showEnvVarsInLog = 0;
		};
/* End PBXShellScriptBuildPhase section */

/* Begin PBXSourcesBuildPhase section */
		5C1AB42D22752693004F7B51 /* Sources */ = {
			isa = PBXSourcesBuildPhase;
			buildActionMask = 2147483647;
			files = (
				5C1AB43722752693004F7B51 /* ViewController.swift in Sources */,
				5C1AB43522752693004F7B51 /* AppDelegate.swift in Sources */,
			);
			runOnlyForDeploymentPostprocessing = 0;
		};
/* End PBXSourcesBuildPhase section */

/* Begin PBXVariantGroup section */
		5C1AB43822752693004F7B51 /* Main.storyboard */ = {
			isa = PBXVariantGroup;
			children = (
				5C1AB43922752693004F7B51 /* Base */,
			);
			name = Main.storyboard;
			sourceTree = "<group>";
		};
		5C1AB43D22752694004F7B51 /* LaunchScreen.storyboard */ = {
			isa = PBXVariantGroup;
			children = (
				5C1AB43E22752694004F7B51 /* Base */,
			);
			name = LaunchScreen.storyboard;
			sourceTree = "<group>";
		};
/* End PBXVariantGroup section */

/* Begin XCBuildConfiguration section */
		5C1AB44122752694004F7B51 /* Debug */ = {
			isa = XCBuildConfiguration;
			buildSettings = {
				ALWAYS_SEARCH_USER_PATHS = NO;
				CLANG_ANALYZER_NONNULL = YES;
				CLANG_ANALYZER_NUMBER_OBJECT_CONVERSION = YES_AGGRESSIVE;
				CLANG_CXX_LANGUAGE_STANDARD = "gnu++14";
				CLANG_CXX_LIBRARY = "libc++";
				CLANG_ENABLE_MODULES = YES;
				CLANG_ENABLE_OBJC_ARC = YES;
				CLANG_ENABLE_OBJC_WEAK = YES;
				CLANG_WARN_BLOCK_CAPTURE_AUTORELEASING = YES;
				CLANG_WARN_BOOL_CONVERSION = YES;
				CLANG_WARN_COMMA = YES;
				CLANG_WARN_CONSTANT_CONVERSION = YES;
				CLANG_WARN_DEPRECATED_OBJC_IMPLEMENTATIONS = YES;
				CLANG_WARN_DIRECT_OBJC_ISA_USAGE = YES_ERROR;
				CLANG_WARN_DOCUMENTATION_COMMENTS = YES;
				CLANG_WARN_EMPTY_BODY = YES;
				CLANG_WARN_ENUM_CONVERSION = YES;
				CLANG_WARN_INFINITE_RECURSION = YES;
				CLANG_WARN_INT_CONVERSION = YES;
				CLANG_WARN_NON_LITERAL_NULL_CONVERSION = YES;
				CLANG_WARN_OBJC_IMPLICIT_RETAIN_SELF = YES;
				CLANG_WARN_OBJC_LITERAL_CONVERSION = YES;
				CLANG_WARN_OBJC_ROOT_CLASS = YES_ERROR;
				CLANG_WARN_RANGE_LOOP_ANALYSIS = YES;
				CLANG_WARN_STRICT_PROTOTYPES = YES;
				CLANG_WARN_SUSPICIOUS_MOVE = YES;
				CLANG_WARN_UNGUARDED_AVAILABILITY = YES_AGGRESSIVE;
				CLANG_WARN_UNREACHABLE_CODE = YES;
				CLANG_WARN__DUPLICATE_METHOD_MATCH = YES;
				CODE_SIGN_IDENTITY = "iPhone Developer";
				COPY_PHASE_STRIP = NO;
				DEBUG_INFORMATION_FORMAT = dwarf;
				ENABLE_STRICT_OBJC_MSGSEND = YES;
				ENABLE_TESTABILITY = YES;
				GCC_C_LANGUAGE_STANDARD = gnu11;
				GCC_DYNAMIC_NO_PIC = NO;
				GCC_NO_COMMON_BLOCKS = YES;
				GCC_OPTIMIZATION_LEVEL = 0;
				GCC_PREPROCESSOR_DEFINITIONS = (
					"DEBUG=1",
					"$(inherited)",
				);
				GCC_WARN_64_TO_32_BIT_CONVERSION = YES;
				GCC_WARN_ABOUT_RETURN_TYPE = YES_ERROR;
				GCC_WARN_UNDECLARED_SELECTOR = YES;
				GCC_WARN_UNINITIALIZED_AUTOS = YES_AGGRESSIVE;
				GCC_WARN_UNUSED_FUNCTION = YES;
				GCC_WARN_UNUSED_VARIABLE = YES;
				IPHONEOS_DEPLOYMENT_TARGET = 12.2;
				MTL_ENABLE_DEBUG_INFO = INCLUDE_SOURCE;
				MTL_FAST_MATH = YES;
				ONLY_ACTIVE_ARCH = YES;
				SDKROOT = iphoneos;
				SWIFT_ACTIVE_COMPILATION_CONDITIONS = DEBUG;
				SWIFT_OPTIMIZATION_LEVEL = "-Onone";
			};
			name = Debug;
		};
		5C1AB44222752694004F7B51 /* Release */ = {
			isa = XCBuildConfiguration;
			buildSettings = {
				ALWAYS_SEARCH_USER_PATHS = NO;
				CLANG_ANALYZER_NONNULL = YES;
				CLANG_ANALYZER_NUMBER_OBJECT_CONVERSION = YES_AGGRESSIVE;
				CLANG_CXX_LANGUAGE_STANDARD = "gnu++14";
				CLANG_CXX_LIBRARY = "libc++";
				CLANG_ENABLE_MODULES = YES;
				CLANG_ENABLE_OBJC_ARC = YES;
				CLANG_ENABLE_OBJC_WEAK = YES;
				CLANG_WARN_BLOCK_CAPTURE_AUTORELEASING = YES;
				CLANG_WARN_BOOL_CONVERSION = YES;
				CLANG_WARN_COMMA = YES;
				CLANG_WARN_CONSTANT_CONVERSION = YES;
				CLANG_WARN_DEPRECATED_OBJC_IMPLEMENTATIONS = YES;
				CLANG_WARN_DIRECT_OBJC_ISA_USAGE = YES_ERROR;
				CLANG_WARN_DOCUMENTATION_COMMENTS = YES;
				CLANG_WARN_EMPTY_BODY = YES;
				CLANG_WARN_ENUM_CONVERSION = YES;
				CLANG_WARN_INFINITE_RECURSION = YES;
				CLANG_WARN_INT_CONVERSION = YES;
				CLANG_WARN_NON_LITERAL_NULL_CONVERSION = YES;
				CLANG_WARN_OBJC_IMPLICIT_RETAIN_SELF = YES;
				CLANG_WARN_OBJC_LITERAL_CONVERSION = YES;
				CLANG_WARN_OBJC_ROOT_CLASS = YES_ERROR;
				CLANG_WARN_RANGE_LOOP_ANALYSIS = YES;
				CLANG_WARN_STRICT_PROTOTYPES = YES;
				CLANG_WARN_SUSPICIOUS_MOVE = YES;
				CLANG_WARN_UNGUARDED_AVAILABILITY = YES_AGGRESSIVE;
				CLANG_WARN_UNREACHABLE_CODE = YES;
				CLANG_WARN__DUPLICATE_METHOD_MATCH = YES;
				CODE_SIGN_IDENTITY = "iPhone Developer";
				COPY_PHASE_STRIP = NO;
				DEBUG_INFORMATION_FORMAT = "dwarf-with-dsym";
				ENABLE_NS_ASSERTIONS = NO;
				ENABLE_STRICT_OBJC_MSGSEND = YES;
				GCC_C_LANGUAGE_STANDARD = gnu11;
				GCC_NO_COMMON_BLOCKS = YES;
				GCC_WARN_64_TO_32_BIT_CONVERSION = YES;
				GCC_WARN_ABOUT_RETURN_TYPE = YES_ERROR;
				GCC_WARN_UNDECLARED_SELECTOR = YES;
				GCC_WARN_UNINITIALIZED_AUTOS = YES_AGGRESSIVE;
				GCC_WARN_UNUSED_FUNCTION = YES;
				GCC_WARN_UNUSED_VARIABLE = YES;
				IPHONEOS_DEPLOYMENT_TARGET = 12.2;
				MTL_ENABLE_DEBUG_INFO = NO;
				MTL_FAST_MATH = YES;
				SDKROOT = iphoneos;
				SWIFT_COMPILATION_MODE = wholemodule;
				SWIFT_OPTIMIZATION_LEVEL = "-O";
				VALIDATE_PRODUCT = YES;
			};
			name = Release;
		};
		5C1AB44422752694004F7B51 /* Debug */ = {
			isa = XCBuildConfiguration;
			baseConfigurationReference = C1A2EC08033F94A395EDC763 /* Pods-Scovil.debug.xcconfig */;
			buildSettings = {
				ASSETCATALOG_COMPILER_APPICON_NAME = AppIcon;
				CODE_SIGN_STYLE = Automatic;
				DEVELOPMENT_TEAM = J85WYWPR94;
				INFOPLIST_FILE = Scovil/Info.plist;
				LD_RUNPATH_SEARCH_PATHS = (
					"$(inherited)",
					"@executable_path/Frameworks",
				);
				PRODUCT_BUNDLE_IDENTIFIER = com.joshmarasigan.Scovil;
				PRODUCT_NAME = "$(TARGET_NAME)";
				SWIFT_VERSION = 5.0;
				TARGETED_DEVICE_FAMILY = "1,2";
			};
			name = Debug;
		};
		5C1AB44522752694004F7B51 /* Release */ = {
			isa = XCBuildConfiguration;
			baseConfigurationReference = 49AF27B07E946C2EED720797 /* Pods-Scovil.release.xcconfig */;
			buildSettings = {
				ASSETCATALOG_COMPILER_APPICON_NAME = AppIcon;
				CODE_SIGN_STYLE = Automatic;
				DEVELOPMENT_TEAM = J85WYWPR94;
				INFOPLIST_FILE = Scovil/Info.plist;
				LD_RUNPATH_SEARCH_PATHS = (
					"$(inherited)",
					"@executable_path/Frameworks",
				);
				PRODUCT_BUNDLE_IDENTIFIER = com.joshmarasigan.Scovil;
				PRODUCT_NAME = "$(TARGET_NAME)";
				SWIFT_VERSION = 5.0;
				TARGETED_DEVICE_FAMILY = "1,2";
			};
			name = Release;
		};
/* End XCBuildConfiguration section */

/* Begin XCConfigurationList section */
		5C1AB42C22752693004F7B51 /* Build configuration list for PBXProject "Scovil" */ = {
			isa = XCConfigurationList;
			buildConfigurations = (
				5C1AB44122752694004F7B51 /* Debug */,
				5C1AB44222752694004F7B51 /* Release */,
			);
			defaultConfigurationIsVisible = 0;
			defaultConfigurationName = Release;
		};
		5C1AB44322752694004F7B51 /* Build configuration list for PBXNativeTarget "Scovil" */ = {
			isa = XCConfigurationList;
			buildConfigurations = (
				5C1AB44422752694004F7B51 /* Debug */,
				5C1AB44522752694004F7B51 /* Release */,
			);
			defaultConfigurationIsVisible = 0;
			defaultConfigurationName = Release;
		};
/* End XCConfigurationList section */
	};
	rootObject = 5C1AB42922752693004F7B51 /* Project object */;
}
